
Microsoft Visual Studio Solution File, Format Version 12.00
Project("{FAE04EC0-301F-11D3-BF4B-00C04F79EFBC}") = "Contest CS", "Contest CS.csproj", "{5243E186-9373-4891-9554-FA4D898760C6}"
EndProject
Project("{FAE04EC0-301F-11D3-BF4B-00C04F79EFBC}") = "ConnectionUtils", "ConnectionUtils\ConnectionUtils.csproj", "{FC5785DE-FD4E-4AA2-9494-6D9655A51D4E}"
EndProject
Global
	GlobalSection(SolutionConfigurationPlatforms) = preSolution
		Debug|Any CPU = Debug|Any CPU
		Release|Any CPU = Release|Any CPU
	EndGlobalSection
	GlobalSection(ProjectConfigurationPlatforms) = postSolution
		{5243E186-9373-4891-9554-FA4D898760C6}.Debug|Any CPU.ActiveCfg = Debug|Any CPU
		{5243E186-9373-4891-9554-FA4D898760C6}.Debug|Any CPU.Build.0 = Debug|Any CPU
		{5243E186-9373-4891-9554-FA4D898760C6}.Release|Any CPU.ActiveCfg = Release|Any CPU
		{5243E186-9373-4891-9554-FA4D898760C6}.Release|Any CPU.Build.0 = Release|Any CPU
		{FC5785DE-FD4E-4AA2-9494-6D9655A51D4E}.Debug|Any CPU.ActiveCfg = Debug|Any CPU
		{FC5785DE-FD4E-4AA2-9494-6D9655A51D4E}.Debug|Any CPU.Build.0 = Debug|Any CPU
		{FC5785DE-FD4E-4AA2-9494-6D9655A51D4E}.Release|Any CPU.ActiveCfg = Release|Any CPU
		{FC5785DE-FD4E-4AA2-9494-6D9655A51D4E}.Release|Any CPU.Build.0 = Release|Any CPU
	EndGlobalSection
EndGlobal
